
Microsoft Visual Studio Solution File, Format Version 12.00
# Visual Studio Version 17
VisualStudioVersion = 17.14.36202.13
MinimumVisualStudioVersion = 10.0.40219.1
Project("{FAE04EC0-301F-11D3-BF4B-00C04F79EFBC}") = "IntakeAPI", "intake-api\IntakeAPI.csproj", "{DEF3B025-8683-0E3C-D8CB-67BACF3F96C6}"
EndProject
Global
	GlobalSection(SolutionConfigurationPlatforms) = preSolution
		Debug|Any CPU = Debug|Any CPU
		Release|Any CPU = Release|Any CPU
	EndGlobalSection
	GlobalSection(ProjectConfigurationPlatforms) = postSolution
		{DEF3B025-8683-0E3C-D8CB-67BACF3F96C6}.Debug|Any CPU.ActiveCfg = Debug|Any CPU
		{DEF3B025-8683-0E3C-D8CB-67BACF3F96C6}.Debug|Any CPU.Build.0 = Debug|Any CPU
		{DEF3B025-8683-0E3C-D8CB-67BACF3F96C6}.Release|Any CPU.ActiveCfg = Release|Any CPU
		{DEF3B025-8683-0E3C-D8CB-67BACF3F96C6}.Release|Any CPU.Build.0 = Release|Any CPU
	EndGlobalSection
	GlobalSection(SolutionProperties) = preSolution
		HideSolutionNode = FALSE
	EndGlobalSection
	GlobalSection(ExtensibilityGlobals) = postSolution
		SolutionGuid = {B9AA311D-2537-41BE-82E1-8A8B380C0CC8}
	EndGlobalSection
EndGlobal
